
Microsoft Visual Studio Solution File, Format Version 12.00
# Visual Studio Version 17
VisualStudioVersion = 17.13.35825.156 d17.13
MinimumVisualStudioVersion = 10.0.40219.1
Project("{FAE04EC0-301F-11D3-BF4B-00C04F79EFBC}") = "Marko.Service", "Marko.Service\Marko.Service.csproj", "{84D2A247-1D78-43BD-AA28-31C2398DE02C}"
EndProject
Global
	GlobalSection(SolutionConfigurationPlatforms) = preSolution
		Debug|Any CPU = Debug|Any CPU
		Release|Any CPU = Release|Any CPU
	EndGlobalSection
	GlobalSection(ProjectConfigurationPlatforms) = postSolution
		{84D2A247-1D78-43BD-AA28-31C2398DE02C}.Debug|Any CPU.ActiveCfg = Debug|Any CPU
		{84D2A247-1D78-43BD-AA28-31C2398DE02C}.Debug|Any CPU.Build.0 = Debug|Any CPU
		{84D2A247-1D78-43BD-AA28-31C2398DE02C}.Release|Any CPU.ActiveCfg = Release|Any CPU
		{84D2A247-1D78-43BD-AA28-31C2398DE02C}.Release|Any CPU.Build.0 = Release|Any CPU
	EndGlobalSection
	GlobalSection(SolutionProperties) = preSolution
		HideSolutionNode = FALSE
	EndGlobalSection
	GlobalSection(ExtensibilityGlobals) = postSolution
		SolutionGuid = {B3AC83CF-B5FD-44B1-8C7F-F3C945710FCE}
	EndGlobalSection
EndGlobal
